// !$*UTF8*$!
{
	archiveVersion = 1;
	classes = {
	};
	objectVersion = 56;
	objects = {

/* Begin PBXBuildFile section */
		007D96E72B094D200020A331 /* FirebaseBootcampApp.swift in Sources */ = {isa = PBXBuildFile; fileRef = 007D96E62B094D200020A331 /* FirebaseBootcampApp.swift */; };
		007D96E92B094D200020A331 /* ContentView.swift in Sources */ = {isa = PBXBuildFile; fileRef = 007D96E82B094D200020A331 /* ContentView.swift */; };
		007D96EB2B094D210020A331 /* Assets.xcassets in Resources */ = {isa = PBXBuildFile; fileRef = 007D96EA2B094D210020A331 /* Assets.xcassets */; };
		007D96EE2B094D210020A331 /* Preview Assets.xcassets in Resources */ = {isa = PBXBuildFile; fileRef = 007D96ED2B094D210020A331 /* Preview Assets.xcassets */; };
		007D97312B0D51540020A331 /* FirebaseAnalytics in Frameworks */ = {isa = PBXBuildFile; productRef = 007D97302B0D51540020A331 /* FirebaseAnalytics */; };
		007D97332B0D51540020A331 /* FirebaseAnalyticsOnDeviceConversion in Frameworks */ = {isa = PBXBuildFile; productRef = 007D97322B0D51540020A331 /* FirebaseAnalyticsOnDeviceConversion */; };
		007D97352B0D51540020A331 /* FirebaseAnalyticsSwift in Frameworks */ = {isa = PBXBuildFile; productRef = 007D97342B0D51540020A331 /* FirebaseAnalyticsSwift */; };
		007D97372B0D51540020A331 /* FirebaseAnalyticsWithoutAdIdSupport in Frameworks */ = {isa = PBXBuildFile; productRef = 007D97362B0D51540020A331 /* FirebaseAnalyticsWithoutAdIdSupport */; };
		007D97392B0D51540020A331 /* FirebaseAppCheck in Frameworks */ = {isa = PBXBuildFile; productRef = 007D97382B0D51540020A331 /* FirebaseAppCheck */; };
		007D973B2B0D53390020A331 /* GoogleService-Info.plist in Resources */ = {isa = PBXBuildFile; fileRef = 007D973A2B0D53390020A331 /* GoogleService-Info.plist */; };
		007D973E2B0D57E40020A331 /* FirebaseAuth in Frameworks */ = {isa = PBXBuildFile; productRef = 007D973D2B0D57E40020A331 /* FirebaseAuth */; };
		00F801282B0D58B600E7D6C0 /* AuthenticationView.swift in Sources */ = {isa = PBXBuildFile; fileRef = 00F801272B0D58B600E7D6C0 /* AuthenticationView.swift */; };
		00F8012A2B0D5AC600E7D6C0 /* SignInEmailView.swift in Sources */ = {isa = PBXBuildFile; fileRef = 00F801292B0D5AC600E7D6C0 /* SignInEmailView.swift */; };
		00F8012C2B0D5CF500E7D6C0 /* AuthenticationManager.swift in Sources */ = {isa = PBXBuildFile; fileRef = 00F8012B2B0D5CF500E7D6C0 /* AuthenticationManager.swift */; };
		00F8012F2B0D64A300E7D6C0 /* RootView.swift in Sources */ = {isa = PBXBuildFile; fileRef = 00F8012E2B0D64A300E7D6C0 /* RootView.swift */; };
		00F801312B0D66F700E7D6C0 /* SettingView.swift in Sources */ = {isa = PBXBuildFile; fileRef = 00F801302B0D66F700E7D6C0 /* SettingView.swift */; };
/* End PBXBuildFile section */

/* Begin PBXFileReference section */
		007D96E32B094D200020A331 /* FirebaseBootcamp.app */ = {isa = PBXFileReference; explicitFileType = wrapper.application; includeInIndex = 0; path = FirebaseBootcamp.app; sourceTree = BUILT_PRODUCTS_DIR; };
		007D96E62B094D200020A331 /* FirebaseBootcampApp.swift */ = {isa = PBXFileReference; lastKnownFileType = sourcecode.swift; path = FirebaseBootcampApp.swift; sourceTree = "<group>"; };
		007D96E82B094D200020A331 /* ContentView.swift */ = {isa = PBXFileReference; lastKnownFileType = sourcecode.swift; path = ContentView.swift; sourceTree = "<group>"; };
		007D96EA2B094D210020A331 /* Assets.xcassets */ = {isa = PBXFileReference; lastKnownFileType = folder.assetcatalog; path = Assets.xcassets; sourceTree = "<group>"; };
		007D96ED2B094D210020A331 /* Preview Assets.xcassets */ = {isa = PBXFileReference; lastKnownFileType = folder.assetcatalog; path = "Preview Assets.xcassets"; sourceTree = "<group>"; };
		007D973A2B0D53390020A331 /* GoogleService-Info.plist */ = {isa = PBXFileReference; fileEncoding = 4; lastKnownFileType = text.plist.xml; path = "GoogleService-Info.plist"; sourceTree = "<group>"; };
		00F801272B0D58B600E7D6C0 /* AuthenticationView.swift */ = {isa = PBXFileReference; lastKnownFileType = sourcecode.swift; path = AuthenticationView.swift; sourceTree = "<group>"; };
		00F801292B0D5AC600E7D6C0 /* SignInEmailView.swift */ = {isa = PBXFileReference; lastKnownFileType = sourcecode.swift; path = SignInEmailView.swift; sourceTree = "<group>"; };
		00F8012B2B0D5CF500E7D6C0 /* AuthenticationManager.swift */ = {isa = PBXFileReference; lastKnownFileType = sourcecode.swift; path = AuthenticationManager.swift; sourceTree = "<group>"; };
		00F8012E2B0D64A300E7D6C0 /* RootView.swift */ = {isa = PBXFileReference; lastKnownFileType = sourcecode.swift; path = RootView.swift; sourceTree = "<group>"; };
		00F801302B0D66F700E7D6C0 /* SettingView.swift */ = {isa = PBXFileReference; lastKnownFileType = sourcecode.swift; path = SettingView.swift; sourceTree = "<group>"; };
/* End PBXFileReference section */

/* Begin PBXFrameworksBuildPhase section */
		007D96E02B094D200020A331 /* Frameworks */ = {
			isa = PBXFrameworksBuildPhase;
			buildActionMask = 2147483647;
			files = (
				007D97352B0D51540020A331 /* FirebaseAnalyticsSwift in Frameworks */,
				007D973E2B0D57E40020A331 /* FirebaseAuth in Frameworks */,
				007D97312B0D51540020A331 /* FirebaseAnalytics in Frameworks */,
				007D97332B0D51540020A331 /* FirebaseAnalyticsOnDeviceConversion in Frameworks */,
				007D97392B0D51540020A331 /* FirebaseAppCheck in Frameworks */,
				007D97372B0D51540020A331 /* FirebaseAnalyticsWithoutAdIdSupport in Frameworks */,
			);
			runOnlyForDeploymentPostprocessing = 0;
		};
/* End PBXFrameworksBuildPhase section */

/* Begin PBXGroup section */
		007D96DA2B094D200020A331 = {
			isa = PBXGroup;
			children = (
				007D96E52B094D200020A331 /* FirebaseBootcamp */,
				007D96E42B094D200020A331 /* Products */,
				007D973C2B0D57E40020A331 /* Frameworks */,
			);
			sourceTree = "<group>";
		};
		007D96E42B094D200020A331 /* Products */ = {
			isa = PBXGroup;
			children = (
				007D96E32B094D200020A331 /* FirebaseBootcamp.app */,
			);
			name = Products;
			sourceTree = "<group>";
		};
		007D96E52B094D200020A331 /* FirebaseBootcamp */ = {
			isa = PBXGroup;
			children = (
				007D96E62B094D200020A331 /* FirebaseBootcampApp.swift */,
				007D96E82B094D200020A331 /* ContentView.swift */,
				007D973F2B0D58570020A331 /* Authentication */,
				007D96EA2B094D210020A331 /* Assets.xcassets */,
				007D973A2B0D53390020A331 /* GoogleService-Info.plist */,
				007D96EC2B094D210020A331 /* Preview Content */,
			);
			path = FirebaseBootcamp;
			sourceTree = "<group>";
		};
		007D96EC2B094D210020A331 /* Preview Content */ = {
			isa = PBXGroup;
			children = (
				007D96ED2B094D210020A331 /* Preview Assets.xcassets */,
			);
			path = "Preview Content";
			sourceTree = "<group>";
		};
		007D973C2B0D57E40020A331 /* Frameworks */ = {
			isa = PBXGroup;
			children = (
			);
			name = Frameworks;
			sourceTree = "<group>";
		};
		007D973F2B0D58570020A331 /* Authentication */ = {
			isa = PBXGroup;
			children = (
				00F8012E2B0D64A300E7D6C0 /* RootView.swift */,
				00F8012B2B0D5CF500E7D6C0 /* AuthenticationManager.swift */,
				00F801272B0D58B600E7D6C0 /* AuthenticationView.swift */,
				00F801292B0D5AC600E7D6C0 /* SignInEmailView.swift */,
				00F801302B0D66F700E7D6C0 /* SettingView.swift */,
			);
			path = Authentication;
			sourceTree = "<group>";
		};
/* End PBXGroup section */

/* Begin PBXNativeTarget section */
		007D96E22B094D200020A331 /* FirebaseBootcamp */ = {
			isa = PBXNativeTarget;
			buildConfigurationList = 007D96F12B094D210020A331 /* Build configuration list for PBXNativeTarget "FirebaseBootcamp" */;
			buildPhases = (
				007D96DF2B094D200020A331 /* Sources */,
				007D96E02B094D200020A331 /* Frameworks */,
				007D96E12B094D200020A331 /* Resources */,
			);
			buildRules = (
			);
			dependencies = (
			);
			name = FirebaseBootcamp;
			packageProductDependencies = (
				007D97302B0D51540020A331 /* FirebaseAnalytics */,
				007D97322B0D51540020A331 /* FirebaseAnalyticsOnDeviceConversion */,
				007D97342B0D51540020A331 /* FirebaseAnalyticsSwift */,
				007D97362B0D51540020A331 /* FirebaseAnalyticsWithoutAdIdSupport */,
				007D97382B0D51540020A331 /* FirebaseAppCheck */,
				007D973D2B0D57E40020A331 /* FirebaseAuth */,
			);
			productName = FirebaseBootcamp;
			productReference = 007D96E32B094D200020A331 /* FirebaseBootcamp.app */;
			productType = "com.apple.product-type.application";
		};
/* End PBXNativeTarget section */

/* Begin PBXProject section */
		007D96DB2B094D200020A331 /* Project object */ = {
			isa = PBXProject;
			attributes = {
				BuildIndependentTargetsInParallel = 1;
				LastSwiftUpdateCheck = 1500;
				LastUpgradeCheck = 1500;
				TargetAttributes = {
					007D96E22B094D200020A331 = {
						CreatedOnToolsVersion = 15.0.1;
					};
				};
			};
			buildConfigurationList = 007D96DE2B094D200020A331 /* Build configuration list for PBXProject "FirebaseBootcamp" */;
			compatibilityVersion = "Xcode 14.0";
			developmentRegion = en;
			hasScannedForEncodings = 0;
			knownRegions = (
				en,
				Base,
			);
			mainGroup = 007D96DA2B094D200020A331;
			packageReferences = (
				007D972F2B0D51530020A331 /* XCRemoteSwiftPackageReference "firebase-ios-sdk" */,
			);
			productRefGroup = 007D96E42B094D200020A331 /* Products */;
			projectDirPath = "";
			projectRoot = "";
			targets = (
				007D96E22B094D200020A331 /* FirebaseBootcamp */,
			);
		};
/* End PBXProject section */

/* Begin PBXResourcesBuildPhase section */
		007D96E12B094D200020A331 /* Resources */ = {
			isa = PBXResourcesBuildPhase;
			buildActionMask = 2147483647;
			files = (
				007D96EE2B094D210020A331 /* Preview Assets.xcassets in Resources */,
				007D96EB2B094D210020A331 /* Assets.xcassets in Resources */,
				007D973B2B0D53390020A331 /* GoogleService-Info.plist in Resources */,
			);
			runOnlyForDeploymentPostprocessing = 0;
		};
/* End PBXResourcesBuildPhase section */

/* Begin PBXSourcesBuildPhase section */
		007D96DF2B094D200020A331 /* Sources */ = {
			isa = PBXSourcesBuildPhase;
			buildActionMask = 2147483647;
			files = (
				007D96E92B094D200020A331 /* ContentView.swift in Sources */,
				007D96E72B094D200020A331 /* FirebaseBootcampApp.swift in Sources */,
				00F8012F2B0D64A300E7D6C0 /* RootView.swift in Sources */,
				00F801312B0D66F700E7D6C0 /* SettingView.swift in Sources */,
				00F801282B0D58B600E7D6C0 /* AuthenticationView.swift in Sources */,
				00F8012C2B0D5CF500E7D6C0 /* AuthenticationManager.swift in Sources */,
				00F8012A2B0D5AC600E7D6C0 /* SignInEmailView.swift in Sources */,
			);
			runOnlyForDeploymentPostprocessing = 0;
		};
/* End PBXSourcesBuildPhase section */

/* Begin XCBuildConfiguration section */
		007D96EF2B094D210020A331 /* Debug */ = {
			isa = XCBuildConfiguration;
			buildSettings = {
				ALWAYS_SEARCH_USER_PATHS = NO;
				ASSETCATALOG_COMPILER_GENERATE_SWIFT_ASSET_SYMBOL_EXTENSIONS = YES;
				CLANG_ANALYZER_NONNULL = YES;
				CLANG_ANALYZER_NUMBER_OBJECT_CONVERSION = YES_AGGRESSIVE;
				CLANG_CXX_LANGUAGE_STANDARD = "gnu++20";
				CLANG_ENABLE_MODULES = YES;
				CLANG_ENABLE_OBJC_ARC = YES;
				CLANG_ENABLE_OBJC_WEAK = YES;
				CLANG_WARN_BLOCK_CAPTURE_AUTORELEASING = YES;
				CLANG_WARN_BOOL_CONVERSION = YES;
				CLANG_WARN_COMMA = YES;
				CLANG_WARN_CONSTANT_CONVERSION = YES;
				CLANG_WARN_DEPRECATED_OBJC_IMPLEMENTATIONS = YES;
				CLANG_WARN_DIRECT_OBJC_ISA_USAGE = YES_ERROR;
				CLANG_WARN_DOCUMENTATION_COMMENTS = YES;
				CLANG_WARN_EMPTY_BODY = YES;
				CLANG_WARN_ENUM_CONVERSION = YES;
				CLANG_WARN_INFINITE_RECURSION = YES;
				CLANG_WARN_INT_CONVERSION = YES;
				CLANG_WARN_NON_LITERAL_NULL_CONVERSION = YES;
				CLANG_WARN_OBJC_IMPLICIT_RETAIN_SELF = YES;
				CLANG_WARN_OBJC_LITERAL_CONVERSION = YES;
				CLANG_WARN_OBJC_ROOT_CLASS = YES_ERROR;
				CLANG_WARN_QUOTED_INCLUDE_IN_FRAMEWORK_HEADER = YES;
				CLANG_WARN_RANGE_LOOP_ANALYSIS = YES;
				CLANG_WARN_STRICT_PROTOTYPES = YES;
				CLANG_WARN_SUSPICIOUS_MOVE = YES;
				CLANG_WARN_UNGUARDED_AVAILABILITY = YES_AGGRESSIVE;
				CLANG_WARN_UNREACHABLE_CODE = YES;
				CLANG_WARN__DUPLICATE_METHOD_MATCH = YES;
				COPY_PHASE_STRIP = NO;
				DEBUG_INFORMATION_FORMAT = dwarf;
				ENABLE_STRICT_OBJC_MSGSEND = YES;
				ENABLE_TESTABILITY = YES;
				ENABLE_USER_SCRIPT_SANDBOXING = YES;
				GCC_C_LANGUAGE_STANDARD = gnu17;
				GCC_DYNAMIC_NO_PIC = NO;
				GCC_NO_COMMON_BLOCKS = YES;
				GCC_OPTIMIZATION_LEVEL = 0;
				GCC_PREPROCESSOR_DEFINITIONS = (
					"DEBUG=1",
					"$(inherited)",
				);
				GCC_WARN_64_TO_32_BIT_CONVERSION = YES;
				GCC_WARN_ABOUT_RETURN_TYPE = YES_ERROR;
				GCC_WARN_UNDECLARED_SELECTOR = YES;
				GCC_WARN_UNINITIALIZED_AUTOS = YES_AGGRESSIVE;
				GCC_WARN_UNUSED_FUNCTION = YES;
				GCC_WARN_UNUSED_VARIABLE = YES;
				IPHONEOS_DEPLOYMENT_TARGET = 17.0;
				LOCALIZATION_PREFERS_STRING_CATALOGS = YES;
				MTL_ENABLE_DEBUG_INFO = INCLUDE_SOURCE;
				MTL_FAST_MATH = YES;
				ONLY_ACTIVE_ARCH = YES;
				SDKROOT = iphoneos;
				SWIFT_ACTIVE_COMPILATION_CONDITIONS = "DEBUG $(inherited)";
				SWIFT_OPTIMIZATION_LEVEL = "-Onone";
			};
			name = Debug;
		};
		007D96F02B094D210020A331 /* Release */ = {
			isa = XCBuildConfiguration;
			buildSettings = {
				ALWAYS_SEARCH_USER_PATHS = NO;
				ASSETCATALOG_COMPILER_GENERATE_SWIFT_ASSET_SYMBOL_EXTENSIONS = YES;
				CLANG_ANALYZER_NONNULL = YES;
				CLANG_ANALYZER_NUMBER_OBJECT_CONVERSION = YES_AGGRESSIVE;
				CLANG_CXX_LANGUAGE_STANDARD = "gnu++20";
				CLANG_ENABLE_MODULES = YES;
				CLANG_ENABLE_OBJC_ARC = YES;
				CLANG_ENABLE_OBJC_WEAK = YES;
				CLANG_WARN_BLOCK_CAPTURE_AUTORELEASING = YES;
				CLANG_WARN_BOOL_CONVERSION = YES;
				CLANG_WARN_COMMA = YES;
				CLANG_WARN_CONSTANT_CONVERSION = YES;
				CLANG_WARN_DEPRECATED_OBJC_IMPLEMENTATIONS = YES;
				CLANG_WARN_DIRECT_OBJC_ISA_USAGE = YES_ERROR;
				CLANG_WARN_DOCUMENTATION_COMMENTS = YES;
				CLANG_WARN_EMPTY_BODY = YES;
				CLANG_WARN_ENUM_CONVERSION = YES;
				CLANG_WARN_INFINITE_RECURSION = YES;
				CLANG_WARN_INT_CONVERSION = YES;
				CLANG_WARN_NON_LITERAL_NULL_CONVERSION = YES;
				CLANG_WARN_OBJC_IMPLICIT_RETAIN_SELF = YES;
				CLANG_WARN_OBJC_LITERAL_CONVERSION = YES;
				CLANG_WARN_OBJC_ROOT_CLASS = YES_ERROR;
				CLANG_WARN_QUOTED_INCLUDE_IN_FRAMEWORK_HEADER = YES;
				CLANG_WARN_RANGE_LOOP_ANALYSIS = YES;
				CLANG_WARN_STRICT_PROTOTYPES = YES;
				CLANG_WARN_SUSPICIOUS_MOVE = YES;
				CLANG_WARN_UNGUARDED_AVAILABILITY = YES_AGGRESSIVE;
				CLANG_WARN_UNREACHABLE_CODE = YES;
				CLANG_WARN__DUPLICATE_METHOD_MATCH = YES;
				COPY_PHASE_STRIP = NO;
				DEBUG_INFORMATION_FORMAT = "dwarf-with-dsym";
				ENABLE_NS_ASSERTIONS = NO;
				ENABLE_STRICT_OBJC_MSGSEND = YES;
				ENABLE_USER_SCRIPT_SANDBOXING = YES;
				GCC_C_LANGUAGE_STANDARD = gnu17;
				GCC_NO_COMMON_BLOCKS = YES;
				GCC_WARN_64_TO_32_BIT_CONVERSION = YES;
				GCC_WARN_ABOUT_RETURN_TYPE = YES_ERROR;
				GCC_WARN_UNDECLARED_SELECTOR = YES;
				GCC_WARN_UNINITIALIZED_AUTOS = YES_AGGRESSIVE;
				GCC_WARN_UNUSED_FUNCTION = YES;
				GCC_WARN_UNUSED_VARIABLE = YES;
				IPHONEOS_DEPLOYMENT_TARGET = 17.0;
				LOCALIZATION_PREFERS_STRING_CATALOGS = YES;
				MTL_ENABLE_DEBUG_INFO = NO;
				MTL_FAST_MATH = YES;
				SDKROOT = iphoneos;
				SWIFT_COMPILATION_MODE = wholemodule;
				VALIDATE_PRODUCT = YES;
			};
			name = Release;
		};
		007D96F22B094D210020A331 /* Debug */ = {
			isa = XCBuildConfiguration;
			buildSettings = {
				ASSETCATALOG_COMPILER_APPICON_NAME = AppIcon;
				ASSETCATALOG_COMPILER_GLOBAL_ACCENT_COLOR_NAME = AccentColor;
				CODE_SIGN_STYLE = Automatic;
				CURRENT_PROJECT_VERSION = 1;
				DEVELOPMENT_ASSET_PATHS = "\"FirebaseBootcamp/Preview Content\"";
				DEVELOPMENT_TEAM = V6DG8SQQ9J;
				ENABLE_PREVIEWS = YES;
				GENERATE_INFOPLIST_FILE = YES;
				INFOPLIST_KEY_UIApplicationSceneManifest_Generation = YES;
				INFOPLIST_KEY_UIApplicationSupportsIndirectInputEvents = YES;
				INFOPLIST_KEY_UILaunchScreen_Generation = YES;
				INFOPLIST_KEY_UISupportedInterfaceOrientations_iPad = "UIInterfaceOrientationPortrait UIInterfaceOrientationPortraitUpsideDown UIInterfaceOrientationLandscapeLeft UIInterfaceOrientationLandscapeRight";
				INFOPLIST_KEY_UISupportedInterfaceOrientations_iPhone = "UIInterfaceOrientationPortrait UIInterfaceOrientationLandscapeLeft UIInterfaceOrientationLandscapeRight";
				LD_RUNPATH_SEARCH_PATHS = (
					"$(inherited)",
					"@executable_path/Frameworks",
				);
				MARKETING_VERSION = 1.0;
				PRODUCT_BUNDLE_IDENTIFIER = com.kadm.FirebaseBootcamp;
				PRODUCT_NAME = "$(TARGET_NAME)";
				SWIFT_EMIT_LOC_STRINGS = YES;
				SWIFT_VERSION = 5.0;
				TARGETED_DEVICE_FAMILY = "1,2";
			};
			name = Debug;
		};
		007D96F32B094D210020A331 /* Release */ = {
			isa = XCBuildConfiguration;
			buildSettings = {
				ASSETCATALOG_COMPILER_APPICON_NAME = AppIcon;
				ASSETCATALOG_COMPILER_GLOBAL_ACCENT_COLOR_NAME = AccentColor;
				CODE_SIGN_STYLE = Automatic;
				CURRENT_PROJECT_VERSION = 1;
				DEVELOPMENT_ASSET_PATHS = "\"FirebaseBootcamp/Preview Content\"";
				DEVELOPMENT_TEAM = V6DG8SQQ9J;
				ENABLE_PREVIEWS = YES;
				GENERATE_INFOPLIST_FILE = YES;
				INFOPLIST_KEY_UIApplicationSceneManifest_Generation = YES;
				INFOPLIST_KEY_UIApplicationSupportsIndirectInputEvents = YES;
				INFOPLIST_KEY_UILaunchScreen_Generation = YES;
				INFOPLIST_KEY_UISupportedInterfaceOrientations_iPad = "UIInterfaceOrientationPortrait UIInterfaceOrientationPortraitUpsideDown UIInterfaceOrientationLandscapeLeft UIInterfaceOrientationLandscapeRight";
				INFOPLIST_KEY_UISupportedInterfaceOrientations_iPhone = "UIInterfaceOrientationPortrait UIInterfaceOrientationLandscapeLeft UIInterfaceOrientationLandscapeRight";
				LD_RUNPATH_SEARCH_PATHS = (
					"$(inherited)",
					"@executable_path/Frameworks",
				);
				MARKETING_VERSION = 1.0;
				PRODUCT_BUNDLE_IDENTIFIER = com.kadm.FirebaseBootcamp;
				PRODUCT_NAME = "$(TARGET_NAME)";
				SWIFT_EMIT_LOC_STRINGS = YES;
				SWIFT_VERSION = 5.0;
				TARGETED_DEVICE_FAMILY = "1,2";
			};
			name = Release;
		};
/* End XCBuildConfiguration section */

/* Begin XCConfigurationList section */
		007D96DE2B094D200020A331 /* Build configuration list for PBXProject "FirebaseBootcamp" */ = {
			isa = XCConfigurationList;
			buildConfigurations = (
				007D96EF2B094D210020A331 /* Debug */,
				007D96F02B094D210020A331 /* Release */,
			);
			defaultConfigurationIsVisible = 0;
			defaultConfigurationName = Release;
		};
		007D96F12B094D210020A331 /* Build configuration list for PBXNativeTarget "FirebaseBootcamp" */ = {
			isa = XCConfigurationList;
			buildConfigurations = (
				007D96F22B094D210020A331 /* Debug */,
				007D96F32B094D210020A331 /* Release */,
			);
			defaultConfigurationIsVisible = 0;
			defaultConfigurationName = Release;
		};
/* End XCConfigurationList section */

/* Begin XCRemoteSwiftPackageReference section */
		007D972F2B0D51530020A331 /* XCRemoteSwiftPackageReference "firebase-ios-sdk" */ = {
			isa = XCRemoteSwiftPackageReference;
			repositoryURL = "https://github.com/firebase/firebase-ios-sdk";
			requirement = {
				kind = upToNextMajorVersion;
				minimumVersion = 10.18.0;
			};
		};
/* End XCRemoteSwiftPackageReference section */

/* Begin XCSwiftPackageProductDependency section */
		007D97302B0D51540020A331 /* FirebaseAnalytics */ = {
			isa = XCSwiftPackageProductDependency;
			package = 007D972F2B0D51530020A331 /* XCRemoteSwiftPackageReference "firebase-ios-sdk" */;
			productName = FirebaseAnalytics;
		};
		007D97322B0D51540020A331 /* FirebaseAnalyticsOnDeviceConversion */ = {
			isa = XCSwiftPackageProductDependency;
			package = 007D972F2B0D51530020A331 /* XCRemoteSwiftPackageReference "firebase-ios-sdk" */;
			productName = FirebaseAnalyticsOnDeviceConversion;
		};
		007D97342B0D51540020A331 /* FirebaseAnalyticsSwift */ = {
			isa = XCSwiftPackageProductDependency;
			package = 007D972F2B0D51530020A331 /* XCRemoteSwiftPackageReference "firebase-ios-sdk" */;
			productName = FirebaseAnalyticsSwift;
		};
		007D97362B0D51540020A331 /* FirebaseAnalyticsWithoutAdIdSupport */ = {
			isa = XCSwiftPackageProductDependency;
			package = 007D972F2B0D51530020A331 /* XCRemoteSwiftPackageReference "firebase-ios-sdk" */;
			productName = FirebaseAnalyticsWithoutAdIdSupport;
		};
		007D97382B0D51540020A331 /* FirebaseAppCheck */ = {
			isa = XCSwiftPackageProductDependency;
			package = 007D972F2B0D51530020A331 /* XCRemoteSwiftPackageReference "firebase-ios-sdk" */;
			productName = FirebaseAppCheck;
		};
		007D973D2B0D57E40020A331 /* FirebaseAuth */ = {
			isa = XCSwiftPackageProductDependency;
			package = 007D972F2B0D51530020A331 /* XCRemoteSwiftPackageReference "firebase-ios-sdk" */;
			productName = FirebaseAuth;
		};
/* End XCSwiftPackageProductDependency section */
	};
	rootObject = 007D96DB2B094D200020A331 /* Project object */;
}
